// !$*UTF8*$!
{
	archiveVersion = 1;
	classes = {
	};
	objectVersion = 55;
	objects = {

/* Begin PBXBuildFile section */
		E91A75F7283D455A0008A732 /* PaddingLabel.swift in Sources */ = {isa = PBXBuildFile; fileRef = E91A75F6283D455A0008A732 /* PaddingLabel.swift */; };
		E9A9F736283CCC6D00C16445 /* HeaderView.swift in Sources */ = {isa = PBXBuildFile; fileRef = E9A9F735283CCC6D00C16445 /* HeaderView.swift */; };
		E9A9F73B283CCD4700C16445 /* Localizable.strings in Resources */ = {isa = PBXBuildFile; fileRef = E9A9F73D283CCD4700C16445 /* Localizable.strings */; };
		E9B2CC8F2838614700910781 /* DetailsViewController.swift in Sources */ = {isa = PBXBuildFile; fileRef = E9B2CC8E2838614700910781 /* DetailsViewController.swift */; };
		E9B2CC912838624400910781 /* DetailsViewModel.swift in Sources */ = {isa = PBXBuildFile; fileRef = E9B2CC902838624400910781 /* DetailsViewModel.swift */; };
		E9B2CC93283A846E00910781 /* FormatsView.swift in Sources */ = {isa = PBXBuildFile; fileRef = E9B2CC92283A846E00910781 /* FormatsView.swift */; };
		E9B2CC96283AF6FB00910781 /* CastView.swift in Sources */ = {isa = PBXBuildFile; fileRef = E9B2CC95283AF6FB00910781 /* CastView.swift */; };
		E9B2CC9C283BC7D600910781 /* ReviewView.swift in Sources */ = {isa = PBXBuildFile; fileRef = E9B2CC9B283BC7D600910781 /* ReviewView.swift */; };
		E9E0D566283780BD000DA6F6 /* AppDelegate.swift in Sources */ = {isa = PBXBuildFile; fileRef = E9E0D565283780BD000DA6F6 /* AppDelegate.swift */; };
		E9E0D568283780BD000DA6F6 /* SceneDelegate.swift in Sources */ = {isa = PBXBuildFile; fileRef = E9E0D567283780BD000DA6F6 /* SceneDelegate.swift */; };
		E9E0D570283780BD000DA6F6 /* TheChallenge.xcdatamodeld in Sources */ = {isa = PBXBuildFile; fileRef = E9E0D56E283780BD000DA6F6 /* TheChallenge.xcdatamodeld */; };
		E9E0D572283780BF000DA6F6 /* Assets.xcassets in Resources */ = {isa = PBXBuildFile; fileRef = E9E0D571283780BF000DA6F6 /* Assets.xcassets */; };
		E9E0D575283780BF000DA6F6 /* LaunchScreen.storyboard in Resources */ = {isa = PBXBuildFile; fileRef = E9E0D573283780BF000DA6F6 /* LaunchScreen.storyboard */; };
		E9E0D580283780BF000DA6F6 /* TheChallengeTests.swift in Sources */ = {isa = PBXBuildFile; fileRef = E9E0D57F283780BF000DA6F6 /* TheChallengeTests.swift */; };
		E9E0D58A283780BF000DA6F6 /* TheChallengeUITests.swift in Sources */ = {isa = PBXBuildFile; fileRef = E9E0D589283780BF000DA6F6 /* TheChallengeUITests.swift */; };
		E9E0D58C283780BF000DA6F6 /* TheChallengeUITestsLaunchTests.swift in Sources */ = {isa = PBXBuildFile; fileRef = E9E0D58B283780BF000DA6F6 /* TheChallengeUITestsLaunchTests.swift */; };
		E9E0D5A22837846D000DA6F6 /* DashboardViewController.swift in Sources */ = {isa = PBXBuildFile; fileRef = E9E0D5A12837846D000DA6F6 /* DashboardViewController.swift */; };
		E9E0D5A5283784E9000DA6F6 /* Inject in Frameworks */ = {isa = PBXBuildFile; productRef = E9E0D5A4283784E9000DA6F6 /* Inject */; };
		E9E0D5A8283786F0000DA6F6 /* Wrapper.swift in Sources */ = {isa = PBXBuildFile; fileRef = E9E0D5A7283786F0000DA6F6 /* Wrapper.swift */; };
		E9E0D5AD2837872D000DA6F6 /* Movie.swift in Sources */ = {isa = PBXBuildFile; fileRef = E9E0D5AC2837872D000DA6F6 /* Movie.swift */; };
		E9E0D5AF28378773000DA6F6 /* ContentRow.swift in Sources */ = {isa = PBXBuildFile; fileRef = E9E0D5AE28378773000DA6F6 /* ContentRow.swift */; };
		E9E0D5B2283789C6000DA6F6 /* Requester.swift in Sources */ = {isa = PBXBuildFile; fileRef = E9E0D5B1283789C6000DA6F6 /* Requester.swift */; };
		E9E0D5B4283789F7000DA6F6 /* APIService.swift in Sources */ = {isa = PBXBuildFile; fileRef = E9E0D5B3283789F7000DA6F6 /* APIService.swift */; };
		E9E0D5B728378B13000DA6F6 /* RequesterTest.swift in Sources */ = {isa = PBXBuildFile; fileRef = E9E0D5B628378B13000DA6F6 /* RequesterTest.swift */; };
		E9E0D5BB2837932C000DA6F6 /* UIView+Autolayout.swift in Sources */ = {isa = PBXBuildFile; fileRef = E9E0D5BA2837932C000DA6F6 /* UIView+Autolayout.swift */; };
		E9E0D5BE28379367000DA6F6 /* ViewConstraintAutolayoutSetup.swift in Sources */ = {isa = PBXBuildFile; fileRef = E9E0D5BD28379367000DA6F6 /* ViewConstraintAutolayoutSetup.swift */; };
		E9E0D5C128379569000DA6F6 /* DashboardViewModel.swift in Sources */ = {isa = PBXBuildFile; fileRef = E9E0D5C028379569000DA6F6 /* DashboardViewModel.swift */; };
		E9E0D5C428379650000DA6F6 /* DashboardTableViewDiffableDataSource.swift in Sources */ = {isa = PBXBuildFile; fileRef = E9E0D5C328379650000DA6F6 /* DashboardTableViewDiffableDataSource.swift */; };
		E9E0D5CC2837B923000DA6F6 /* UIViewComponents.swift in Sources */ = {isa = PBXBuildFile; fileRef = E9E0D5CB2837B923000DA6F6 /* UIViewComponents.swift */; };
		E9E0D5CF2837BEE8000DA6F6 /* MainCollectionTableViewCell.swift in Sources */ = {isa = PBXBuildFile; fileRef = E9E0D5CE2837BEE8000DA6F6 /* MainCollectionTableViewCell.swift */; };
		E9E0D5D12837C4C8000DA6F6 /* MovieCollectionViewCell.swift in Sources */ = {isa = PBXBuildFile; fileRef = E9E0D5D02837C4C8000DA6F6 /* MovieCollectionViewCell.swift */; };
		E9E0D5D52837F6FF000DA6F6 /* Mockable.swift in Sources */ = {isa = PBXBuildFile; fileRef = E9E0D5D42837F6FE000DA6F6 /* Mockable.swift */; };
		E9E0D5D82837F768000DA6F6 /* StructureCellModel.swift in Sources */ = {isa = PBXBuildFile; fileRef = E9E0D5D72837F768000DA6F6 /* StructureCellModel.swift */; };
/* End PBXBuildFile section */

/* Begin PBXContainerItemProxy section */
		E9E0D57C283780BF000DA6F6 /* PBXContainerItemProxy */ = {
			isa = PBXContainerItemProxy;
			containerPortal = E9E0D55A283780BD000DA6F6 /* Project object */;
			proxyType = 1;
			remoteGlobalIDString = E9E0D561283780BD000DA6F6;
			remoteInfo = TheChallenge;
		};
		E9E0D586283780BF000DA6F6 /* PBXContainerItemProxy */ = {
			isa = PBXContainerItemProxy;
			containerPortal = E9E0D55A283780BD000DA6F6 /* Project object */;
			proxyType = 1;
			remoteGlobalIDString = E9E0D561283780BD000DA6F6;
			remoteInfo = TheChallenge;
		};
/* End PBXContainerItemProxy section */

/* Begin PBXFileReference section */
		E91A75F6283D455A0008A732 /* PaddingLabel.swift */ = {isa = PBXFileReference; lastKnownFileType = sourcecode.swift; path = PaddingLabel.swift; sourceTree = "<group>"; };
		E9A9F735283CCC6D00C16445 /* HeaderView.swift */ = {isa = PBXFileReference; lastKnownFileType = sourcecode.swift; path = HeaderView.swift; sourceTree = "<group>"; };
		E9A9F737283CCCEE00C16445 /* fr */ = {isa = PBXFileReference; lastKnownFileType = text.plist.strings; name = fr; path = fr.lproj/LaunchScreen.strings; sourceTree = "<group>"; };
		E9A9F73C283CCD4700C16445 /* en */ = {isa = PBXFileReference; lastKnownFileType = text.plist.strings; name = en; path = en.lproj/Localizable.strings; sourceTree = "<group>"; };
		E9A9F73E283CCD4900C16445 /* fr */ = {isa = PBXFileReference; lastKnownFileType = text.plist.strings; name = fr; path = fr.lproj/Localizable.strings; sourceTree = "<group>"; };
		E9B2CC8E2838614700910781 /* DetailsViewController.swift */ = {isa = PBXFileReference; lastKnownFileType = sourcecode.swift; path = DetailsViewController.swift; sourceTree = "<group>"; };
		E9B2CC902838624400910781 /* DetailsViewModel.swift */ = {isa = PBXFileReference; lastKnownFileType = sourcecode.swift; path = DetailsViewModel.swift; sourceTree = "<group>"; };
		E9B2CC92283A846E00910781 /* FormatsView.swift */ = {isa = PBXFileReference; lastKnownFileType = sourcecode.swift; path = FormatsView.swift; sourceTree = "<group>"; };
		E9B2CC95283AF6FB00910781 /* CastView.swift */ = {isa = PBXFileReference; lastKnownFileType = sourcecode.swift; path = CastView.swift; sourceTree = "<group>"; };
		E9B2CC9B283BC7D600910781 /* ReviewView.swift */ = {isa = PBXFileReference; lastKnownFileType = sourcecode.swift; path = ReviewView.swift; sourceTree = "<group>"; };
		E9E0D562283780BD000DA6F6 /* TheChallenge.app */ = {isa = PBXFileReference; explicitFileType = wrapper.application; includeInIndex = 0; path = TheChallenge.app; sourceTree = BUILT_PRODUCTS_DIR; };
		E9E0D565283780BD000DA6F6 /* AppDelegate.swift */ = {isa = PBXFileReference; lastKnownFileType = sourcecode.swift; path = AppDelegate.swift; sourceTree = "<group>"; };
		E9E0D567283780BD000DA6F6 /* SceneDelegate.swift */ = {isa = PBXFileReference; lastKnownFileType = sourcecode.swift; path = SceneDelegate.swift; sourceTree = "<group>"; };
		E9E0D56F283780BD000DA6F6 /* TheChallenge.xcdatamodel */ = {isa = PBXFileReference; lastKnownFileType = wrapper.xcdatamodel; path = TheChallenge.xcdatamodel; sourceTree = "<group>"; };
		E9E0D571283780BF000DA6F6 /* Assets.xcassets */ = {isa = PBXFileReference; lastKnownFileType = folder.assetcatalog; path = Assets.xcassets; sourceTree = "<group>"; };
		E9E0D574283780BF000DA6F6 /* Base */ = {isa = PBXFileReference; lastKnownFileType = file.storyboard; name = Base; path = Base.lproj/LaunchScreen.storyboard; sourceTree = "<group>"; };
		E9E0D576283780BF000DA6F6 /* Info.plist */ = {isa = PBXFileReference; lastKnownFileType = text.plist.xml; path = Info.plist; sourceTree = "<group>"; };
		E9E0D57B283780BF000DA6F6 /* TheChallengeTests.xctest */ = {isa = PBXFileReference; explicitFileType = wrapper.cfbundle; includeInIndex = 0; path = TheChallengeTests.xctest; sourceTree = BUILT_PRODUCTS_DIR; };
		E9E0D57F283780BF000DA6F6 /* TheChallengeTests.swift */ = {isa = PBXFileReference; lastKnownFileType = sourcecode.swift; path = TheChallengeTests.swift; sourceTree = "<group>"; };
		E9E0D585283780BF000DA6F6 /* TheChallengeUITests.xctest */ = {isa = PBXFileReference; explicitFileType = wrapper.cfbundle; includeInIndex = 0; path = TheChallengeUITests.xctest; sourceTree = BUILT_PRODUCTS_DIR; };
		E9E0D589283780BF000DA6F6 /* TheChallengeUITests.swift */ = {isa = PBXFileReference; lastKnownFileType = sourcecode.swift; path = TheChallengeUITests.swift; sourceTree = "<group>"; };
		E9E0D58B283780BF000DA6F6 /* TheChallengeUITestsLaunchTests.swift */ = {isa = PBXFileReference; lastKnownFileType = sourcecode.swift; path = TheChallengeUITestsLaunchTests.swift; sourceTree = "<group>"; };
		E9E0D5A12837846D000DA6F6 /* DashboardViewController.swift */ = {isa = PBXFileReference; lastKnownFileType = sourcecode.swift; path = DashboardViewController.swift; sourceTree = "<group>"; };
		E9E0D5A7283786F0000DA6F6 /* Wrapper.swift */ = {isa = PBXFileReference; lastKnownFileType = sourcecode.swift; path = Wrapper.swift; sourceTree = "<group>"; };
		E9E0D5AC2837872D000DA6F6 /* Movie.swift */ = {isa = PBXFileReference; lastKnownFileType = sourcecode.swift; path = Movie.swift; sourceTree = "<group>"; };
		E9E0D5AE28378773000DA6F6 /* ContentRow.swift */ = {isa = PBXFileReference; lastKnownFileType = sourcecode.swift; path = ContentRow.swift; sourceTree = "<group>"; };
		E9E0D5B1283789C6000DA6F6 /* Requester.swift */ = {isa = PBXFileReference; lastKnownFileType = sourcecode.swift; path = Requester.swift; sourceTree = "<group>"; };
		E9E0D5B3283789F7000DA6F6 /* APIService.swift */ = {isa = PBXFileReference; lastKnownFileType = sourcecode.swift; path = APIService.swift; sourceTree = "<group>"; };
		E9E0D5B628378B13000DA6F6 /* RequesterTest.swift */ = {isa = PBXFileReference; lastKnownFileType = sourcecode.swift; path = RequesterTest.swift; sourceTree = "<group>"; };
		E9E0D5BA2837932C000DA6F6 /* UIView+Autolayout.swift */ = {isa = PBXFileReference; lastKnownFileType = sourcecode.swift; path = "UIView+Autolayout.swift"; sourceTree = "<group>"; };
		E9E0D5BD28379367000DA6F6 /* ViewConstraintAutolayoutSetup.swift */ = {isa = PBXFileReference; lastKnownFileType = sourcecode.swift; path = ViewConstraintAutolayoutSetup.swift; sourceTree = "<group>"; };
		E9E0D5C028379569000DA6F6 /* DashboardViewModel.swift */ = {isa = PBXFileReference; lastKnownFileType = sourcecode.swift; path = DashboardViewModel.swift; sourceTree = "<group>"; };
		E9E0D5C328379650000DA6F6 /* DashboardTableViewDiffableDataSource.swift */ = {isa = PBXFileReference; lastKnownFileType = sourcecode.swift; path = DashboardTableViewDiffableDataSource.swift; sourceTree = "<group>"; };
		E9E0D5CB2837B923000DA6F6 /* UIViewComponents.swift */ = {isa = PBXFileReference; lastKnownFileType = sourcecode.swift; path = UIViewComponents.swift; sourceTree = "<group>"; };
		E9E0D5CE2837BEE8000DA6F6 /* MainCollectionTableViewCell.swift */ = {isa = PBXFileReference; lastKnownFileType = sourcecode.swift; path = MainCollectionTableViewCell.swift; sourceTree = "<group>"; };
		E9E0D5D02837C4C8000DA6F6 /* MovieCollectionViewCell.swift */ = {isa = PBXFileReference; lastKnownFileType = sourcecode.swift; path = MovieCollectionViewCell.swift; sourceTree = "<group>"; };
		E9E0D5D42837F6FE000DA6F6 /* Mockable.swift */ = {isa = PBXFileReference; lastKnownFileType = sourcecode.swift; path = Mockable.swift; sourceTree = "<group>"; };
		E9E0D5D72837F768000DA6F6 /* StructureCellModel.swift */ = {isa = PBXFileReference; lastKnownFileType = sourcecode.swift; path = StructureCellModel.swift; sourceTree = "<group>"; };
/* End PBXFileReference section */

/* Begin PBXFrameworksBuildPhase section */
		E9E0D55F283780BD000DA6F6 /* Frameworks */ = {
			isa = PBXFrameworksBuildPhase;
			buildActionMask = 2147483647;
			files = (
				E9E0D5A5283784E9000DA6F6 /* Inject in Frameworks */,
			);
			runOnlyForDeploymentPostprocessing = 0;
		};
		E9E0D578283780BF000DA6F6 /* Frameworks */ = {
			isa = PBXFrameworksBuildPhase;
			buildActionMask = 2147483647;
			files = (
			);
			runOnlyForDeploymentPostprocessing = 0;
		};
		E9E0D582283780BF000DA6F6 /* Frameworks */ = {
			isa = PBXFrameworksBuildPhase;
			buildActionMask = 2147483647;
			files = (
			);
			runOnlyForDeploymentPostprocessing = 0;
		};
/* End PBXFrameworksBuildPhase section */

/* Begin PBXGroup section */
		E9A9F738283CCD3300C16445 /* Localization */ = {
			isa = PBXGroup;
			children = (
				E9A9F73D283CCD4700C16445 /* Localizable.strings */,
			);
			path = Localization;
			sourceTree = "<group>";
		};
		E9B2CC8A2838611A00910781 /* Details */ = {
			isa = PBXGroup;
			children = (
				E9B2CC8D2838613800910781 /* Components */,
				E9B2CC8C2838612D00910781 /* ViewModels */,
				E9B2CC8B2838612600910781 /* Controllers */,
			);
			path = Details;
			sourceTree = "<group>";
		};
		E9B2CC8B2838612600910781 /* Controllers */ = {
			isa = PBXGroup;
			children = (
				E9B2CC8E2838614700910781 /* DetailsViewController.swift */,
			);
			path = Controllers;
			sourceTree = "<group>";
		};
		E9B2CC8C2838612D00910781 /* ViewModels */ = {
			isa = PBXGroup;
			children = (
				E9B2CC902838624400910781 /* DetailsViewModel.swift */,
			);
			path = ViewModels;
			sourceTree = "<group>";
		};
		E9B2CC8D2838613800910781 /* Components */ = {
			isa = PBXGroup;
			children = (
				E9B2CC92283A846E00910781 /* FormatsView.swift */,
				E9B2CC95283AF6FB00910781 /* CastView.swift */,
				E9B2CC9B283BC7D600910781 /* ReviewView.swift */,
				E91A75F6283D455A0008A732 /* PaddingLabel.swift */,
			);
			path = Components;
			sourceTree = "<group>";
		};
		E9E0D559283780BD000DA6F6 = {
			isa = PBXGroup;
			children = (
				E9E0D564283780BD000DA6F6 /* TheChallenge */,
				E9E0D57E283780BF000DA6F6 /* TheChallengeTests */,
				E9E0D588283780BF000DA6F6 /* TheChallengeUITests */,
				E9E0D563283780BD000DA6F6 /* Products */,
			);
			sourceTree = "<group>";
		};
		E9E0D563283780BD000DA6F6 /* Products */ = {
			isa = PBXGroup;
			children = (
				E9E0D562283780BD000DA6F6 /* TheChallenge.app */,
				E9E0D57B283780BF000DA6F6 /* TheChallengeTests.xctest */,
				E9E0D585283780BF000DA6F6 /* TheChallengeUITests.xctest */,
			);
			name = Products;
			sourceTree = "<group>";
		};
		E9E0D564283780BD000DA6F6 /* TheChallenge */ = {
			isa = PBXGroup;
			children = (
				E9E0D5D22837F6E7000DA6F6 /* Shared */,
				E9E0D5B0283788B9000DA6F6 /* Network */,
				E9E0D5A62837868A000DA6F6 /* Data */,
				E9E0D59E28378457000DA6F6 /* Presentations */,
				E9E0D59928378180000DA6F6 /* Ressources */,
				E9E0D5982837815E000DA6F6 /* Application */,
				E9E0D576283780BF000DA6F6 /* Info.plist */,
				E9E0D56E283780BD000DA6F6 /* TheChallenge.xcdatamodeld */,
			);
			path = TheChallenge;
			sourceTree = "<group>";
		};
		E9E0D57E283780BF000DA6F6 /* TheChallengeTests */ = {
			isa = PBXGroup;
			children = (
				E9E0D5B528378AF2000DA6F6 /* NetworkLayer */,
				E9E0D57F283780BF000DA6F6 /* TheChallengeTests.swift */,
			);
			path = TheChallengeTests;
			sourceTree = "<group>";
		};
		E9E0D588283780BF000DA6F6 /* TheChallengeUITests */ = {
			isa = PBXGroup;
			children = (
				E9E0D589283780BF000DA6F6 /* TheChallengeUITests.swift */,
				E9E0D58B283780BF000DA6F6 /* TheChallengeUITestsLaunchTests.swift */,
			);
			path = TheChallengeUITests;
			sourceTree = "<group>";
		};
		E9E0D5982837815E000DA6F6 /* Application */ = {
			isa = PBXGroup;
			children = (
				E9E0D565283780BD000DA6F6 /* AppDelegate.swift */,
				E9E0D567283780BD000DA6F6 /* SceneDelegate.swift */,
			);
			path = Application;
			sourceTree = "<group>";
		};
		E9E0D59928378180000DA6F6 /* Ressources */ = {
			isa = PBXGroup;
			children = (
				E9A9F738283CCD3300C16445 /* Localization */,
				E9E0D571283780BF000DA6F6 /* Assets.xcassets */,
				E9E0D573283780BF000DA6F6 /* LaunchScreen.storyboard */,
			);
			path = Ressources;
			sourceTree = "<group>";
		};
		E9E0D59E28378457000DA6F6 /* Presentations */ = {
			isa = PBXGroup;
			children = (
				E9E0D5C92837B901000DA6F6 /* Shared */,
				E9B2CC8A2838611A00910781 /* Details */,
				E9E0D59F2837845B000DA6F6 /* Dashboard */,
			);
			path = Presentations;
			sourceTree = "<group>";
		};
		E9E0D59F2837845B000DA6F6 /* Dashboard */ = {
			isa = PBXGroup;
			children = (
				E9E0D5D62837F759000DA6F6 /* Models */,
				E9E0D5C528379C16000DA6F6 /* Protocols */,
				E9E0D5C22837963E000DA6F6 /* Components */,
				E9E0D5BF28379558000DA6F6 /* ViewModels */,
				E9E0D5A028378460000DA6F6 /* Controllers */,
			);
			path = Dashboard;
			sourceTree = "<group>";
		};
		E9E0D5A028378460000DA6F6 /* Controllers */ = {
			isa = PBXGroup;
			children = (
				E9E0D5A12837846D000DA6F6 /* DashboardViewController.swift */,
			);
			path = Controllers;
			sourceTree = "<group>";
		};
		E9E0D5A62837868A000DA6F6 /* Data */ = {
			isa = PBXGroup;
			children = (
				E9E0D5AA28378702000DA6F6 /* Entities */,
				E9E0D5A9283786F8000DA6F6 /* Views */,
			);
			path = Data;
			sourceTree = "<group>";
		};
		E9E0D5A9283786F8000DA6F6 /* Views */ = {
			isa = PBXGroup;
			children = (
				E9E0D5A7283786F0000DA6F6 /* Wrapper.swift */,
				E9E0D5AE28378773000DA6F6 /* ContentRow.swift */,
			);
			path = Views;
			sourceTree = "<group>";
		};
		E9E0D5AA28378702000DA6F6 /* Entities */ = {
			isa = PBXGroup;
			children = (
				E9E0D5AC2837872D000DA6F6 /* Movie.swift */,
			);
			path = Entities;
			sourceTree = "<group>";
		};
		E9E0D5B0283788B9000DA6F6 /* Network */ = {
			isa = PBXGroup;
			children = (
				E9E0D5B1283789C6000DA6F6 /* Requester.swift */,
				E9E0D5B3283789F7000DA6F6 /* APIService.swift */,
			);
			path = Network;
			sourceTree = "<group>";
		};
		E9E0D5B528378AF2000DA6F6 /* NetworkLayer */ = {
			isa = PBXGroup;
			children = (
				E9E0D5B628378B13000DA6F6 /* RequesterTest.swift */,
			);
			path = NetworkLayer;
			sourceTree = "<group>";
		};
		E9E0D5B828379316000DA6F6 /* Utils */ = {
			isa = PBXGroup;
			children = (
				E9E0D5BC28379350000DA6F6 /* Protocols */,
				E9E0D5B92837931E000DA6F6 /* Extensions */,
			);
			path = Utils;
			sourceTree = "<group>";
		};
		E9E0D5B92837931E000DA6F6 /* Extensions */ = {
			isa = PBXGroup;
			children = (
				E9E0D5BA2837932C000DA6F6 /* UIView+Autolayout.swift */,
			);
			path = Extensions;
			sourceTree = "<group>";
		};
		E9E0D5BC28379350000DA6F6 /* Protocols */ = {
			isa = PBXGroup;
			children = (
				E9E0D5BD28379367000DA6F6 /* ViewConstraintAutolayoutSetup.swift */,
			);
			path = Protocols;
			sourceTree = "<group>";
		};
		E9E0D5BF28379558000DA6F6 /* ViewModels */ = {
			isa = PBXGroup;
			children = (
				E9E0D5C028379569000DA6F6 /* DashboardViewModel.swift */,
			);
			path = ViewModels;
			sourceTree = "<group>";
		};
		E9E0D5C22837963E000DA6F6 /* Components */ = {
			isa = PBXGroup;
			children = (
				E9E0D5C62837A519000DA6F6 /* Cells */,
				E9A9F735283CCC6D00C16445 /* HeaderView.swift */,
			);
			path = Components;
			sourceTree = "<group>";
		};
		E9E0D5C528379C16000DA6F6 /* Protocols */ = {
			isa = PBXGroup;
			children = (
				E9E0D5C328379650000DA6F6 /* DashboardTableViewDiffableDataSource.swift */,
			);
			path = Protocols;
			sourceTree = "<group>";
		};
		E9E0D5C62837A519000DA6F6 /* Cells */ = {
			isa = PBXGroup;
			children = (
				E9E0D5CE2837BEE8000DA6F6 /* MainCollectionTableViewCell.swift */,
				E9E0D5D02837C4C8000DA6F6 /* MovieCollectionViewCell.swift */,
			);
			path = Cells;
			sourceTree = "<group>";
		};
		E9E0D5C92837B901000DA6F6 /* Shared */ = {
			isa = PBXGroup;
			children = (
				E9E0D5CA2837B908000DA6F6 /* Generics */,
				E9E0D5B828379316000DA6F6 /* Utils */,
			);
			path = Shared;
			sourceTree = "<group>";
		};
		E9E0D5CA2837B908000DA6F6 /* Generics */ = {
			isa = PBXGroup;
			children = (
				E9E0D5CB2837B923000DA6F6 /* UIViewComponents.swift */,
			);
			path = Generics;
			sourceTree = "<group>";
		};
		E9E0D5D22837F6E7000DA6F6 /* Shared */ = {
			isa = PBXGroup;
			children = (
				E9E0D5D32837F6EF000DA6F6 /* Protocols */,
			);
			path = Shared;
			sourceTree = "<group>";
		};
		E9E0D5D32837F6EF000DA6F6 /* Protocols */ = {
			isa = PBXGroup;
			children = (
				E9E0D5D42837F6FE000DA6F6 /* Mockable.swift */,
			);
			path = Protocols;
			sourceTree = "<group>";
		};
		E9E0D5D62837F759000DA6F6 /* Models */ = {
			isa = PBXGroup;
			children = (
				E9E0D5D72837F768000DA6F6 /* StructureCellModel.swift */,
			);
			path = Models;
			sourceTree = "<group>";
		};
/* End PBXGroup section */

/* Begin PBXNativeTarget section */
		E9E0D561283780BD000DA6F6 /* TheChallenge */ = {
			isa = PBXNativeTarget;
			buildConfigurationList = E9E0D58F283780BF000DA6F6 /* Build configuration list for PBXNativeTarget "TheChallenge" */;
			buildPhases = (
				E9E0D55E283780BD000DA6F6 /* Sources */,
				E9E0D55F283780BD000DA6F6 /* Frameworks */,
				E9E0D560283780BD000DA6F6 /* Resources */,
			);
			buildRules = (
			);
			dependencies = (
			);
			name = TheChallenge;
			packageProductDependencies = (
				E9E0D5A4283784E9000DA6F6 /* Inject */,
			);
			productName = TheChallenge;
			productReference = E9E0D562283780BD000DA6F6 /* TheChallenge.app */;
			productType = "com.apple.product-type.application";
		};
		E9E0D57A283780BF000DA6F6 /* TheChallengeTests */ = {
			isa = PBXNativeTarget;
			buildConfigurationList = E9E0D592283780BF000DA6F6 /* Build configuration list for PBXNativeTarget "TheChallengeTests" */;
			buildPhases = (
				E9E0D577283780BF000DA6F6 /* Sources */,
				E9E0D578283780BF000DA6F6 /* Frameworks */,
				E9E0D579283780BF000DA6F6 /* Resources */,
				E9E0D59A283781FD000DA6F6 /* ShellScript */,
			);
			buildRules = (
			);
			dependencies = (
				E9E0D57D283780BF000DA6F6 /* PBXTargetDependency */,
			);
			name = TheChallengeTests;
			productName = TheChallengeTests;
			productReference = E9E0D57B283780BF000DA6F6 /* TheChallengeTests.xctest */;
			productType = "com.apple.product-type.bundle.unit-test";
		};
		E9E0D584283780BF000DA6F6 /* TheChallengeUITests */ = {
			isa = PBXNativeTarget;
			buildConfigurationList = E9E0D595283780BF000DA6F6 /* Build configuration list for PBXNativeTarget "TheChallengeUITests" */;
			buildPhases = (
				E9E0D581283780BF000DA6F6 /* Sources */,
				E9E0D582283780BF000DA6F6 /* Frameworks */,
				E9E0D583283780BF000DA6F6 /* Resources */,
			);
			buildRules = (
			);
			dependencies = (
				E9E0D587283780BF000DA6F6 /* PBXTargetDependency */,
			);
			name = TheChallengeUITests;
			productName = TheChallengeUITests;
			productReference = E9E0D585283780BF000DA6F6 /* TheChallengeUITests.xctest */;
			productType = "com.apple.product-type.bundle.ui-testing";
		};
/* End PBXNativeTarget section */

/* Begin PBXProject section */
		E9E0D55A283780BD000DA6F6 /* Project object */ = {
			isa = PBXProject;
			attributes = {
				BuildIndependentTargetsInParallel = 1;
				LastSwiftUpdateCheck = 1340;
				LastUpgradeCheck = 1340;
				TargetAttributes = {
					E9E0D561283780BD000DA6F6 = {
						CreatedOnToolsVersion = 13.4;
					};
					E9E0D57A283780BF000DA6F6 = {
						CreatedOnToolsVersion = 13.4;
						TestTargetID = E9E0D561283780BD000DA6F6;
					};
					E9E0D584283780BF000DA6F6 = {
						CreatedOnToolsVersion = 13.4;
						TestTargetID = E9E0D561283780BD000DA6F6;
					};
				};
			};
			buildConfigurationList = E9E0D55D283780BD000DA6F6 /* Build configuration list for PBXProject "TheChallenge" */;
			compatibilityVersion = "Xcode 13.0";
			developmentRegion = en;
			hasScannedForEncodings = 0;
			knownRegions = (
				en,
				Base,
				fr,
			);
			mainGroup = E9E0D559283780BD000DA6F6;
			packageReferences = (
				E9E0D5A3283784E9000DA6F6 /* XCRemoteSwiftPackageReference "Inject" */,
			);
			productRefGroup = E9E0D563283780BD000DA6F6 /* Products */;
			projectDirPath = "";
			projectRoot = "";
			targets = (
				E9E0D561283780BD000DA6F6 /* TheChallenge */,
				E9E0D57A283780BF000DA6F6 /* TheChallengeTests */,
				E9E0D584283780BF000DA6F6 /* TheChallengeUITests */,
			);
		};
/* End PBXProject section */

/* Begin PBXResourcesBuildPhase section */
		E9E0D560283780BD000DA6F6 /* Resources */ = {
			isa = PBXResourcesBuildPhase;
			buildActionMask = 2147483647;
			files = (
				E9E0D575283780BF000DA6F6 /* LaunchScreen.storyboard in Resources */,
				E9A9F73B283CCD4700C16445 /* Localizable.strings in Resources */,
				E9E0D572283780BF000DA6F6 /* Assets.xcassets in Resources */,
			);
			runOnlyForDeploymentPostprocessing = 0;
		};
		E9E0D579283780BF000DA6F6 /* Resources */ = {
			isa = PBXResourcesBuildPhase;
			buildActionMask = 2147483647;
			files = (
			);
			runOnlyForDeploymentPostprocessing = 0;
		};
		E9E0D583283780BF000DA6F6 /* Resources */ = {
			isa = PBXResourcesBuildPhase;
			buildActionMask = 2147483647;
			files = (
			);
			runOnlyForDeploymentPostprocessing = 0;
		};
/* End PBXResourcesBuildPhase section */

/* Begin PBXShellScriptBuildPhase section */
		E9E0D59A283781FD000DA6F6 /* ShellScript */ = {
			isa = PBXShellScriptBuildPhase;
			buildActionMask = 2147483647;
			files = (
			);
			inputFileListPaths = (
			);
			inputPaths = (
			);
			outputFileListPaths = (
			);
			outputPaths = (
			);
			runOnlyForDeploymentPostprocessing = 0;
			shellPath = /bin/sh;
			shellScript = "# Type a script or drag a script file from your workspace to insert its path.\nif which swiftlint >/dev/null; then\n  swiftlint\nelse\n  echo \"warning: SwiftLint not installed, download from https://github.com/realm/SwiftLint\"\nfi\n";
		};
/* End PBXShellScriptBuildPhase section */

/* Begin PBXSourcesBuildPhase section */
		E9E0D55E283780BD000DA6F6 /* Sources */ = {
			isa = PBXSourcesBuildPhase;
			buildActionMask = 2147483647;
			files = (
				E9E0D5D12837C4C8000DA6F6 /* MovieCollectionViewCell.swift in Sources */,
				E9E0D5C428379650000DA6F6 /* DashboardTableViewDiffableDataSource.swift in Sources */,
				E9E0D570283780BD000DA6F6 /* TheChallenge.xcdatamodeld in Sources */,
				E9E0D566283780BD000DA6F6 /* AppDelegate.swift in Sources */,
				E9E0D5B2283789C6000DA6F6 /* Requester.swift in Sources */,
				E9B2CC96283AF6FB00910781 /* CastView.swift in Sources */,
				E9E0D5C128379569000DA6F6 /* DashboardViewModel.swift in Sources */,
				E9A9F736283CCC6D00C16445 /* HeaderView.swift in Sources */,
				E9E0D5CF2837BEE8000DA6F6 /* MainCollectionTableViewCell.swift in Sources */,
				E9B2CC912838624400910781 /* DetailsViewModel.swift in Sources */,
				E9B2CC93283A846E00910781 /* FormatsView.swift in Sources */,
				E91A75F7283D455A0008A732 /* PaddingLabel.swift in Sources */,
				E9E0D5D82837F768000DA6F6 /* StructureCellModel.swift in Sources */,
				E9B2CC9C283BC7D600910781 /* ReviewView.swift in Sources */,
				E9E0D5AF28378773000DA6F6 /* ContentRow.swift in Sources */,
				E9E0D5D52837F6FF000DA6F6 /* Mockable.swift in Sources */,
				E9E0D5BE28379367000DA6F6 /* ViewConstraintAutolayoutSetup.swift in Sources */,
				E9E0D5CC2837B923000DA6F6 /* UIViewComponents.swift in Sources */,
				E9E0D5AD2837872D000DA6F6 /* Movie.swift in Sources */,
				E9B2CC8F2838614700910781 /* DetailsViewController.swift in Sources */,
				E9E0D5A8283786F0000DA6F6 /* Wrapper.swift in Sources */,
				E9E0D568283780BD000DA6F6 /* SceneDelegate.swift in Sources */,
				E9E0D5BB2837932C000DA6F6 /* UIView+Autolayout.swift in Sources */,
				E9E0D5B4283789F7000DA6F6 /* APIService.swift in Sources */,
				E9E0D5A22837846D000DA6F6 /* DashboardViewController.swift in Sources */,
			);
			runOnlyForDeploymentPostprocessing = 0;
		};
		E9E0D577283780BF000DA6F6 /* Sources */ = {
			isa = PBXSourcesBuildPhase;
			buildActionMask = 2147483647;
			files = (
				E9E0D5B728378B13000DA6F6 /* RequesterTest.swift in Sources */,
				E9E0D580283780BF000DA6F6 /* TheChallengeTests.swift in Sources */,
			);
			runOnlyForDeploymentPostprocessing = 0;
		};
		E9E0D581283780BF000DA6F6 /* Sources */ = {
			isa = PBXSourcesBuildPhase;
			buildActionMask = 2147483647;
			files = (
				E9E0D58C283780BF000DA6F6 /* TheChallengeUITestsLaunchTests.swift in Sources */,
				E9E0D58A283780BF000DA6F6 /* TheChallengeUITests.swift in Sources */,
			);
			runOnlyForDeploymentPostprocessing = 0;
		};
/* End PBXSourcesBuildPhase section */

/* Begin PBXTargetDependency section */
		E9E0D57D283780BF000DA6F6 /* PBXTargetDependency */ = {
			isa = PBXTargetDependency;
			target = E9E0D561283780BD000DA6F6 /* TheChallenge */;
			targetProxy = E9E0D57C283780BF000DA6F6 /* PBXContainerItemProxy */;
		};
		E9E0D587283780BF000DA6F6 /* PBXTargetDependency */ = {
			isa = PBXTargetDependency;
			target = E9E0D561283780BD000DA6F6 /* TheChallenge */;
			targetProxy = E9E0D586283780BF000DA6F6 /* PBXContainerItemProxy */;
		};
/* End PBXTargetDependency section */

/* Begin PBXVariantGroup section */
		E9A9F73D283CCD4700C16445 /* Localizable.strings */ = {
			isa = PBXVariantGroup;
			children = (
				E9A9F73C283CCD4700C16445 /* en */,
				E9A9F73E283CCD4900C16445 /* fr */,
			);
			name = Localizable.strings;
			sourceTree = "<group>";
		};
		E9E0D573283780BF000DA6F6 /* LaunchScreen.storyboard */ = {
			isa = PBXVariantGroup;
			children = (
				E9E0D574283780BF000DA6F6 /* Base */,
				E9A9F737283CCCEE00C16445 /* fr */,
			);
			name = LaunchScreen.storyboard;
			sourceTree = "<group>";
		};
/* End PBXVariantGroup section */

/* Begin XCBuildConfiguration section */
		E9E0D58D283780BF000DA6F6 /* Debug */ = {
			isa = XCBuildConfiguration;
			buildSettings = {
				ALWAYS_SEARCH_USER_PATHS = NO;
				CLANG_ANALYZER_LOCALIZABILITY_NONLOCALIZED = YES;
				CLANG_ANALYZER_NONNULL = YES;
				CLANG_ANALYZER_NUMBER_OBJECT_CONVERSION = YES_AGGRESSIVE;
				CLANG_CXX_LANGUAGE_STANDARD = "gnu++17";
				CLANG_ENABLE_MODULES = YES;
				CLANG_ENABLE_OBJC_ARC = YES;
				CLANG_ENABLE_OBJC_WEAK = YES;
				CLANG_WARN_BLOCK_CAPTURE_AUTORELEASING = YES;
				CLANG_WARN_BOOL_CONVERSION = YES;
				CLANG_WARN_COMMA = YES;
				CLANG_WARN_CONSTANT_CONVERSION = YES;
				CLANG_WARN_DEPRECATED_OBJC_IMPLEMENTATIONS = YES;
				CLANG_WARN_DIRECT_OBJC_ISA_USAGE = YES_ERROR;
				CLANG_WARN_DOCUMENTATION_COMMENTS = YES;
				CLANG_WARN_EMPTY_BODY = YES;
				CLANG_WARN_ENUM_CONVERSION = YES;
				CLANG_WARN_INFINITE_RECURSION = YES;
				CLANG_WARN_INT_CONVERSION = YES;
				CLANG_WARN_NON_LITERAL_NULL_CONVERSION = YES;
				CLANG_WARN_OBJC_IMPLICIT_RETAIN_SELF = YES;
				CLANG_WARN_OBJC_LITERAL_CONVERSION = YES;
				CLANG_WARN_OBJC_ROOT_CLASS = YES_ERROR;
				CLANG_WARN_QUOTED_INCLUDE_IN_FRAMEWORK_HEADER = YES;
				CLANG_WARN_RANGE_LOOP_ANALYSIS = YES;
				CLANG_WARN_STRICT_PROTOTYPES = YES;
				CLANG_WARN_SUSPICIOUS_MOVE = YES;
				CLANG_WARN_UNGUARDED_AVAILABILITY = YES_AGGRESSIVE;
				CLANG_WARN_UNREACHABLE_CODE = YES;
				CLANG_WARN__DUPLICATE_METHOD_MATCH = YES;
				COPY_PHASE_STRIP = NO;
				DEBUG_INFORMATION_FORMAT = dwarf;
				ENABLE_STRICT_OBJC_MSGSEND = YES;
				ENABLE_TESTABILITY = YES;
				GCC_C_LANGUAGE_STANDARD = gnu11;
				GCC_DYNAMIC_NO_PIC = NO;
				GCC_NO_COMMON_BLOCKS = YES;
				GCC_OPTIMIZATION_LEVEL = 0;
				GCC_PREPROCESSOR_DEFINITIONS = (
					"DEBUG=1",
					"$(inherited)",
				);
				GCC_WARN_64_TO_32_BIT_CONVERSION = YES;
				GCC_WARN_ABOUT_RETURN_TYPE = YES_ERROR;
				GCC_WARN_UNDECLARED_SELECTOR = YES;
				GCC_WARN_UNINITIALIZED_AUTOS = YES_AGGRESSIVE;
				GCC_WARN_UNUSED_FUNCTION = YES;
				GCC_WARN_UNUSED_VARIABLE = YES;
				IPHONEOS_DEPLOYMENT_TARGET = 13.0;
				MTL_ENABLE_DEBUG_INFO = INCLUDE_SOURCE;
				MTL_FAST_MATH = YES;
				ONLY_ACTIVE_ARCH = YES;
				SDKROOT = iphoneos;
				SWIFT_ACTIVE_COMPILATION_CONDITIONS = DEBUG;
				SWIFT_OPTIMIZATION_LEVEL = "-Onone";
			};
			name = Debug;
		};
		E9E0D58E283780BF000DA6F6 /* Release */ = {
			isa = XCBuildConfiguration;
			buildSettings = {
				ALWAYS_SEARCH_USER_PATHS = NO;
				CLANG_ANALYZER_LOCALIZABILITY_NONLOCALIZED = YES;
				CLANG_ANALYZER_NONNULL = YES;
				CLANG_ANALYZER_NUMBER_OBJECT_CONVERSION = YES_AGGRESSIVE;
				CLANG_CXX_LANGUAGE_STANDARD = "gnu++17";
				CLANG_ENABLE_MODULES = YES;
				CLANG_ENABLE_OBJC_ARC = YES;
				CLANG_ENABLE_OBJC_WEAK = YES;
				CLANG_WARN_BLOCK_CAPTURE_AUTORELEASING = YES;
				CLANG_WARN_BOOL_CONVERSION = YES;
				CLANG_WARN_COMMA = YES;
				CLANG_WARN_CONSTANT_CONVERSION = YES;
				CLANG_WARN_DEPRECATED_OBJC_IMPLEMENTATIONS = YES;
				CLANG_WARN_DIRECT_OBJC_ISA_USAGE = YES_ERROR;
				CLANG_WARN_DOCUMENTATION_COMMENTS = YES;
				CLANG_WARN_EMPTY_BODY = YES;
				CLANG_WARN_ENUM_CONVERSION = YES;
				CLANG_WARN_INFINITE_RECURSION = YES;
				CLANG_WARN_INT_CONVERSION = YES;
				CLANG_WARN_NON_LITERAL_NULL_CONVERSION = YES;
				CLANG_WARN_OBJC_IMPLICIT_RETAIN_SELF = YES;
				CLANG_WARN_OBJC_LITERAL_CONVERSION = YES;
				CLANG_WARN_OBJC_ROOT_CLASS = YES_ERROR;
				CLANG_WARN_QUOTED_INCLUDE_IN_FRAMEWORK_HEADER = YES;
				CLANG_WARN_RANGE_LOOP_ANALYSIS = YES;
				CLANG_WARN_STRICT_PROTOTYPES = YES;
				CLANG_WARN_SUSPICIOUS_MOVE = YES;
				CLANG_WARN_UNGUARDED_AVAILABILITY = YES_AGGRESSIVE;
				CLANG_WARN_UNREACHABLE_CODE = YES;
				CLANG_WARN__DUPLICATE_METHOD_MATCH = YES;
				COPY_PHASE_STRIP = NO;
				DEBUG_INFORMATION_FORMAT = "dwarf-with-dsym";
				ENABLE_NS_ASSERTIONS = NO;
				ENABLE_STRICT_OBJC_MSGSEND = YES;
				GCC_C_LANGUAGE_STANDARD = gnu11;
				GCC_NO_COMMON_BLOCKS = YES;
				GCC_WARN_64_TO_32_BIT_CONVERSION = YES;
				GCC_WARN_ABOUT_RETURN_TYPE = YES_ERROR;
				GCC_WARN_UNDECLARED_SELECTOR = YES;
				GCC_WARN_UNINITIALIZED_AUTOS = YES_AGGRESSIVE;
				GCC_WARN_UNUSED_FUNCTION = YES;
				GCC_WARN_UNUSED_VARIABLE = YES;
				IPHONEOS_DEPLOYMENT_TARGET = 13.0;
				MTL_ENABLE_DEBUG_INFO = NO;
				MTL_FAST_MATH = YES;
				SDKROOT = iphoneos;
				SWIFT_COMPILATION_MODE = wholemodule;
				SWIFT_OPTIMIZATION_LEVEL = "-O";
				VALIDATE_PRODUCT = YES;
			};
			name = Release;
		};
		E9E0D590283780BF000DA6F6 /* Debug */ = {
			isa = XCBuildConfiguration;
			buildSettings = {
				ASSETCATALOG_COMPILER_APPICON_NAME = AppIcon;
				ASSETCATALOG_COMPILER_GLOBAL_ACCENT_COLOR_NAME = AccentColor;
				CODE_SIGN_STYLE = Automatic;
				CURRENT_PROJECT_VERSION = 1;
				DEVELOPMENT_TEAM = 5AGYRKXNXP;
				ENABLE_BITCODE = NO;
				GENERATE_INFOPLIST_FILE = YES;
				INFOPLIST_FILE = TheChallenge/Info.plist;
				INFOPLIST_KEY_UIApplicationSupportsIndirectInputEvents = YES;
				INFOPLIST_KEY_UILaunchStoryboardName = LaunchScreen;
				INFOPLIST_KEY_UISupportedInterfaceOrientations_iPad = "UIInterfaceOrientationPortrait UIInterfaceOrientationPortraitUpsideDown UIInterfaceOrientationLandscapeLeft UIInterfaceOrientationLandscapeRight";
				INFOPLIST_KEY_UISupportedInterfaceOrientations_iPhone = "UIInterfaceOrientationPortrait UIInterfaceOrientationLandscapeLeft UIInterfaceOrientationLandscapeRight";
				IPHONEOS_DEPLOYMENT_TARGET = 13.0;
				LD_RUNPATH_SEARCH_PATHS = (
					"$(inherited)",
					"@executable_path/Frameworks",
				);
				MARKETING_VERSION = 1.0;
				PRODUCT_BUNDLE_IDENTIFIER = com.homework.TheChallenge;
				PRODUCT_NAME = "$(TARGET_NAME)";
				SWIFT_EMIT_LOC_STRINGS = YES;
				SWIFT_VERSION = 5.0;
				TARGETED_DEVICE_FAMILY = "1,2";
			};
			name = Debug;
		};
		E9E0D591283780BF000DA6F6 /* Release */ = {
			isa = XCBuildConfiguration;
			buildSettings = {
				ASSETCATALOG_COMPILER_APPICON_NAME = AppIcon;
				ASSETCATALOG_COMPILER_GLOBAL_ACCENT_COLOR_NAME = AccentColor;
				CODE_SIGN_STYLE = Automatic;
				CURRENT_PROJECT_VERSION = 1;
				DEVELOPMENT_TEAM = 5AGYRKXNXP;
				GENERATE_INFOPLIST_FILE = YES;
				INFOPLIST_FILE = TheChallenge/Info.plist;
				INFOPLIST_KEY_UIApplicationSupportsIndirectInputEvents = YES;
				INFOPLIST_KEY_UILaunchStoryboardName = LaunchScreen;
				INFOPLIST_KEY_UISupportedInterfaceOrientations_iPad = "UIInterfaceOrientationPortrait UIInterfaceOrientationPortraitUpsideDown UIInterfaceOrientationLandscapeLeft UIInterfaceOrientationLandscapeRight";
				INFOPLIST_KEY_UISupportedInterfaceOrientations_iPhone = "UIInterfaceOrientationPortrait UIInterfaceOrientationLandscapeLeft UIInterfaceOrientationLandscapeRight";
				IPHONEOS_DEPLOYMENT_TARGET = 13.0;
				LD_RUNPATH_SEARCH_PATHS = (
					"$(inherited)",
					"@executable_path/Frameworks",
				);
				MARKETING_VERSION = 1.0;
				PRODUCT_BUNDLE_IDENTIFIER = com.homework.TheChallenge;
				PRODUCT_NAME = "$(TARGET_NAME)";
				SWIFT_EMIT_LOC_STRINGS = YES;
				SWIFT_VERSION = 5.0;
				TARGETED_DEVICE_FAMILY = "1,2";
			};
			name = Release;
		};
		E9E0D593283780BF000DA6F6 /* Debug */ = {
			isa = XCBuildConfiguration;
			buildSettings = {
				ALWAYS_EMBED_SWIFT_STANDARD_LIBRARIES = YES;
				BUNDLE_LOADER = "$(TEST_HOST)";
				CODE_SIGN_STYLE = Automatic;
				CURRENT_PROJECT_VERSION = 1;
				DEVELOPMENT_TEAM = 5AGYRKXNXP;
				ENABLE_BITCODE = NO;
				GENERATE_INFOPLIST_FILE = YES;
				IPHONEOS_DEPLOYMENT_TARGET = 15.5;
				MARKETING_VERSION = 1.0;
				PRODUCT_BUNDLE_IDENTIFIER = com.homework.TheChallengeTests;
				PRODUCT_NAME = "$(TARGET_NAME)";
				SWIFT_EMIT_LOC_STRINGS = NO;
				SWIFT_VERSION = 5.0;
				TARGETED_DEVICE_FAMILY = "1,2";
				TEST_HOST = "$(BUILT_PRODUCTS_DIR)/TheChallenge.app/TheChallenge";
			};
			name = Debug;
		};
		E9E0D594283780BF000DA6F6 /* Release */ = {
			isa = XCBuildConfiguration;
			buildSettings = {
				ALWAYS_EMBED_SWIFT_STANDARD_LIBRARIES = YES;
				BUNDLE_LOADER = "$(TEST_HOST)";
				CODE_SIGN_STYLE = Automatic;
				CURRENT_PROJECT_VERSION = 1;
				DEVELOPMENT_TEAM = 5AGYRKXNXP;
				GENERATE_INFOPLIST_FILE = YES;
				IPHONEOS_DEPLOYMENT_TARGET = 15.5;
				MARKETING_VERSION = 1.0;
				PRODUCT_BUNDLE_IDENTIFIER = com.homework.TheChallengeTests;
				PRODUCT_NAME = "$(TARGET_NAME)";
				SWIFT_EMIT_LOC_STRINGS = NO;
				SWIFT_VERSION = 5.0;
				TARGETED_DEVICE_FAMILY = "1,2";
				TEST_HOST = "$(BUILT_PRODUCTS_DIR)/TheChallenge.app/TheChallenge";
			};
			name = Release;
		};
		E9E0D596283780BF000DA6F6 /* Debug */ = {
			isa = XCBuildConfiguration;
			buildSettings = {
				ALWAYS_EMBED_SWIFT_STANDARD_LIBRARIES = YES;
				CODE_SIGN_STYLE = Automatic;
				CURRENT_PROJECT_VERSION = 1;
				DEVELOPMENT_TEAM = 5AGYRKXNXP;
				GENERATE_INFOPLIST_FILE = YES;
				MARKETING_VERSION = 1.0;
				PRODUCT_BUNDLE_IDENTIFIER = com.homework.TheChallengeUITests;
				PRODUCT_NAME = "$(TARGET_NAME)";
				SWIFT_EMIT_LOC_STRINGS = NO;
				SWIFT_VERSION = 5.0;
				TARGETED_DEVICE_FAMILY = "1,2";
				TEST_TARGET_NAME = TheChallenge;
			};
			name = Debug;
		};
		E9E0D597283780BF000DA6F6 /* Release */ = {
			isa = XCBuildConfiguration;
			buildSettings = {
				ALWAYS_EMBED_SWIFT_STANDARD_LIBRARIES = YES;
				CODE_SIGN_STYLE = Automatic;
				CURRENT_PROJECT_VERSION = 1;
				DEVELOPMENT_TEAM = 5AGYRKXNXP;
				GENERATE_INFOPLIST_FILE = YES;
				MARKETING_VERSION = 1.0;
				PRODUCT_BUNDLE_IDENTIFIER = com.homework.TheChallengeUITests;
				PRODUCT_NAME = "$(TARGET_NAME)";
				SWIFT_EMIT_LOC_STRINGS = NO;
				SWIFT_VERSION = 5.0;
				TARGETED_DEVICE_FAMILY = "1,2";
				TEST_TARGET_NAME = TheChallenge;
			};
			name = Release;
		};
/* End XCBuildConfiguration section */

/* Begin XCConfigurationList section */
		E9E0D55D283780BD000DA6F6 /* Build configuration list for PBXProject "TheChallenge" */ = {
			isa = XCConfigurationList;
			buildConfigurations = (
				E9E0D58D283780BF000DA6F6 /* Debug */,
				E9E0D58E283780BF000DA6F6 /* Release */,
			);
			defaultConfigurationIsVisible = 0;
			defaultConfigurationName = Release;
		};
		E9E0D58F283780BF000DA6F6 /* Build configuration list for PBXNativeTarget "TheChallenge" */ = {
			isa = XCConfigurationList;
			buildConfigurations = (
				E9E0D590283780BF000DA6F6 /* Debug */,
				E9E0D591283780BF000DA6F6 /* Release */,
			);
			defaultConfigurationIsVisible = 0;
			defaultConfigurationName = Release;
		};
		E9E0D592283780BF000DA6F6 /* Build configuration list for PBXNativeTarget "TheChallengeTests" */ = {
			isa = XCConfigurationList;
			buildConfigurations = (
				E9E0D593283780BF000DA6F6 /* Debug */,
				E9E0D594283780BF000DA6F6 /* Release */,
			);
			defaultConfigurationIsVisible = 0;
			defaultConfigurationName = Release;
		};
		E9E0D595283780BF000DA6F6 /* Build configuration list for PBXNativeTarget "TheChallengeUITests" */ = {
			isa = XCConfigurationList;
			buildConfigurations = (
				E9E0D596283780BF000DA6F6 /* Debug */,
				E9E0D597283780BF000DA6F6 /* Release */,
			);
			defaultConfigurationIsVisible = 0;
			defaultConfigurationName = Release;
		};
/* End XCConfigurationList section */

/* Begin XCRemoteSwiftPackageReference section */
		E9E0D5A3283784E9000DA6F6 /* XCRemoteSwiftPackageReference "Inject" */ = {
			isa = XCRemoteSwiftPackageReference;
			repositoryURL = "https://github.com/krzysztofzablocki/Inject";
			requirement = {
				kind = upToNextMajorVersion;
				minimumVersion = 1.0.0;
			};
		};
/* End XCRemoteSwiftPackageReference section */

/* Begin XCSwiftPackageProductDependency section */
		E9E0D5A4283784E9000DA6F6 /* Inject */ = {
			isa = XCSwiftPackageProductDependency;
			package = E9E0D5A3283784E9000DA6F6 /* XCRemoteSwiftPackageReference "Inject" */;
			productName = Inject;
		};
/* End XCSwiftPackageProductDependency section */

/* Begin XCVersionGroup section */
		E9E0D56E283780BD000DA6F6 /* TheChallenge.xcdatamodeld */ = {
			isa = XCVersionGroup;
			children = (
				E9E0D56F283780BD000DA6F6 /* TheChallenge.xcdatamodel */,
			);
			currentVersion = E9E0D56F283780BD000DA6F6 /* TheChallenge.xcdatamodel */;
			path = TheChallenge.xcdatamodeld;
			sourceTree = "<group>";
			versionGroupType = wrapper.xcdatamodel;
		};
/* End XCVersionGroup section */
	};
	rootObject = E9E0D55A283780BD000DA6F6 /* Project object */;
}
